
Microsoft Visual Studio Solution File, Format Version 12.00
# Visual Studio Version 17
VisualStudioVersion = 17.0.32014.148
MinimumVisualStudioVersion = 10.0.40219.1
Project("{FAE04EC0-301F-11D3-BF4B-00C04F79EFBC}") = "Blockchain", "Blockchain\Blockchain.csproj", "{BE2732E8-2210-4930-B476-4CD0F14D52A3}"
EndProject
Global
	GlobalSection(SolutionConfigurationPlatforms) = preSolution
		Debug|Any CPU = Debug|Any CPU
		Release|Any CPU = Release|Any CPU
	EndGlobalSection
	GlobalSection(ProjectConfigurationPlatforms) = postSolution
		{BE2732E8-2210-4930-B476-4CD0F14D52A3}.Debug|Any CPU.ActiveCfg = Debug|Any CPU
		{BE2732E8-2210-4930-B476-4CD0F14D52A3}.Debug|Any CPU.Build.0 = Debug|Any CPU
		{BE2732E8-2210-4930-B476-4CD0F14D52A3}.Release|Any CPU.ActiveCfg = Release|Any CPU
		{BE2732E8-2210-4930-B476-4CD0F14D52A3}.Release|Any CPU.Build.0 = Release|Any CPU
	EndGlobalSection
	GlobalSection(SolutionProperties) = preSolution
		HideSolutionNode = FALSE
	EndGlobalSection
	GlobalSection(ExtensibilityGlobals) = postSolution
		SolutionGuid = {A3F009D6-D5E5-4E4D-99EC-61F57A29A68A}
	EndGlobalSection
EndGlobal
